{
  "version": "5",
  "specifiers": {
    "jsr:@hono/hono@4.13.7": "4.13.7",
    "jsr:@std/encoding@1.0.11": "1.0.11",
    "npm:openai@7.15.0": "7.15.0"
  },
  "jsr": {
    "@hono/hono@4.13.7": {
      "integrity": "90f83307462b2dd47c9a8028cf5e4827abedc74a53fd291a49130f1579fdcd79"
    },
    "@std/encoding@1.0.11": {
      "integrity": "e7cef2f0b3153bccc17431e7c864a1de03a4b6d9647389c43e08aaa775d37385"
    }
  },
  "npm": {
    "openai@7.15.0": {
      "integrity": "sha512-2DIwesnPSduw68MFx7nAdgvshrgvS8WOan5W8+tgUMlAy/tY+Q41g80Pa+w/v64rHA6rtn+dketa8QvMVxU96w=="
    }
  },
  "workspace": {
    "dependencies": [
      "jsr:@hono/hono@4.13.7",
      "jsr:@std/encoding@1.0.11",
      "npm:openai@7.15.0"
    ]
  }
}
